
Microsoft Visual Studio Solution File, Format Version 12.00
# Visual Studio Version 16
VisualStudioVersion = 16.0.29920.165
MinimumVisualStudioVersion = 10.0.40219.1
Project("{FAE04EC0-301F-11D3-BF4B-00C04F79EFBC}") = "WindowWashingTest.Android", "WindowWashingTest\WindowWashingTest.Android\WindowWashingTest.Android.csproj", "{8040B542-CA6E-461C-BA5B-E5289E3E5F76}"
EndProject
Project("{FAE04EC0-301F-11D3-BF4B-00C04F79EFBC}") = "WindowWashingTest.iOS", "WindowWashingTest\WindowWashingTest.iOS\WindowWashingTest.iOS.csproj", "{CBCE3D31-3D9B-4DBC-B46D-4C6F60156089}"
EndProject
Project("{FAE04EC0-301F-11D3-BF4B-00C04F79EFBC}") = "WindowWashingTest", "WindowWashingTest\WindowWashingTest\WindowWashingTest.csproj", "{37C1F679-21C6-4817-9D8F-289F76091DD6}"
EndProject
Global
	GlobalSection(SolutionConfigurationPlatforms) = preSolution
		Debug|Any CPU = Debug|Any CPU
		Debug|iPhone = Debug|iPhone
		Debug|iPhoneSimulator = Debug|iPhoneSimulator
		Release|Any CPU = Release|Any CPU
		Release|iPhone = Release|iPhone
		Release|iPhoneSimulator = Release|iPhoneSimulator
	EndGlobalSection
	GlobalSection(ProjectConfigurationPlatforms) = postSolution
		{8040B542-CA6E-461C-BA5B-E5289E3E5F76}.Debug|Any CPU.ActiveCfg = Debug|Any CPU
		{8040B542-CA6E-461C-BA5B-E5289E3E5F76}.Debug|Any CPU.Build.0 = Debug|Any CPU
		{8040B542-CA6E-461C-BA5B-E5289E3E5F76}.Debug|Any CPU.Deploy.0 = Debug|Any CPU
		{8040B542-CA6E-461C-BA5B-E5289E3E5F76}.Debug|iPhone.ActiveCfg = Debug|Any CPU
		{8040B542-CA6E-461C-BA5B-E5289E3E5F76}.Debug|iPhone.Build.0 = Debug|Any CPU
		{8040B542-CA6E-461C-BA5B-E5289E3E5F76}.Debug|iPhone.Deploy.0 = Debug|Any CPU
		{8040B542-CA6E-461C-BA5B-E5289E3E5F76}.Debug|iPhoneSimulator.ActiveCfg = Debug|Any CPU
		{8040B542-CA6E-461C-BA5B-E5289E3E5F76}.Debug|iPhoneSimulator.Build.0 = Debug|Any CPU
		{8040B542-CA6E-461C-BA5B-E5289E3E5F76}.Debug|iPhoneSimulator.Deploy.0 = Debug|Any CPU
		{8040B542-CA6E-461C-BA5B-E5289E3E5F76}.Release|Any CPU.ActiveCfg = Release|Any CPU
		{8040B542-CA6E-461C-BA5B-E5289E3E5F76}.Release|Any CPU.Build.0 = Release|Any CPU
		{8040B542-CA6E-461C-BA5B-E5289E3E5F76}.Release|Any CPU.Deploy.0 = Release|Any CPU
		{8040B542-CA6E-461C-BA5B-E5289E3E5F76}.Release|iPhone.ActiveCfg = Release|Any CPU
		{8040B542-CA6E-461C-BA5B-E5289E3E5F76}.Release|iPhone.Build.0 = Release|Any CPU
		{8040B542-CA6E-461C-BA5B-E5289E3E5F76}.Release|iPhone.Deploy.0 = Release|Any CPU
		{8040B542-CA6E-461C-BA5B-E5289E3E5F76}.Release|iPhoneSimulator.ActiveCfg = Release|Any CPU
		{8040B542-CA6E-461C-BA5B-E5289E3E5F76}.Release|iPhoneSimulator.Build.0 = Release|Any CPU
		{8040B542-CA6E-461C-BA5B-E5289E3E5F76}.Release|iPhoneSimulator.Deploy.0 = Release|Any CPU
		{CBCE3D31-3D9B-4DBC-B46D-4C6F60156089}.Debug|Any CPU.ActiveCfg = Debug|iPhone
		{CBCE3D31-3D9B-4DBC-B46D-4C6F60156089}.Debug|Any CPU.Build.0 = Debug|iPhone
		{CBCE3D31-3D9B-4DBC-B46D-4C6F60156089}.Debug|Any CPU.Deploy.0 = Debug|iPhone
		{CBCE3D31-3D9B-4DBC-B46D-4C6F60156089}.Debug|iPhone.ActiveCfg = Debug|iPhone
		{CBCE3D31-3D9B-4DBC-B46D-4C6F60156089}.Debug|iPhone.Build.0 = Debug|iPhone
		{CBCE3D31-3D9B-4DBC-B46D-4C6F60156089}.Debug|iPhone.Deploy.0 = Debug|iPhone
		{CBCE3D31-3D9B-4DBC-B46D-4C6F60156089}.Debug|iPhoneSimulator.ActiveCfg = Debug|iPhoneSimulator
		{CBCE3D31-3D9B-4DBC-B46D-4C6F60156089}.Debug|iPhoneSimulator.Build.0 = Debug|iPhoneSimulator
		{CBCE3D31-3D9B-4DBC-B46D-4C6F60156089}.Debug|iPhoneSimulator.Deploy.0 = Debug|iPhoneSimulator
		{CBCE3D31-3D9B-4DBC-B46D-4C6F60156089}.Release|Any CPU.ActiveCfg = Release|iPhone
		{CBCE3D31-3D9B-4DBC-B46D-4C6F60156089}.Release|Any CPU.Build.0 = Release|iPhone
		{CBCE3D31-3D9B-4DBC-B46D-4C6F60156089}.Release|Any CPU.Deploy.0 = Release|iPhone
		{CBCE3D31-3D9B-4DBC-B46D-4C6F60156089}.Release|iPhone.ActiveCfg = Release|iPhone
		{CBCE3D31-3D9B-4DBC-B46D-4C6F60156089}.Release|iPhone.Build.0 = Release|iPhone
		{CBCE3D31-3D9B-4DBC-B46D-4C6F60156089}.Release|iPhone.Deploy.0 = Release|iPhone
		{CBCE3D31-3D9B-4DBC-B46D-4C6F60156089}.Release|iPhoneSimulator.ActiveCfg = Release|iPhoneSimulator
		{CBCE3D31-3D9B-4DBC-B46D-4C6F60156089}.Release|iPhoneSimulator.Build.0 = Release|iPhoneSimulator
		{CBCE3D31-3D9B-4DBC-B46D-4C6F60156089}.Release|iPhoneSimulator.Deploy.0 = Release|iPhoneSimulator
		{37C1F679-21C6-4817-9D8F-289F76091DD6}.Debug|Any CPU.ActiveCfg = Debug|Any CPU
		{37C1F679-21C6-4817-9D8F-289F76091DD6}.Debug|Any CPU.Build.0 = Debug|Any CPU
		{37C1F679-21C6-4817-9D8F-289F76091DD6}.Debug|Any CPU.Deploy.0 = Debug|Any CPU
		{37C1F679-21C6-4817-9D8F-289F76091DD6}.Debug|iPhone.ActiveCfg = Debug|Any CPU
		{37C1F679-21C6-4817-9D8F-289F76091DD6}.Debug|iPhone.Build.0 = Debug|Any CPU
		{37C1F679-21C6-4817-9D8F-289F76091DD6}.Debug|iPhone.Deploy.0 = Debug|Any CPU
		{37C1F679-21C6-4817-9D8F-289F76091DD6}.Debug|iPhoneSimulator.ActiveCfg = Debug|Any CPU
		{37C1F679-21C6-4817-9D8F-289F76091DD6}.Debug|iPhoneSimulator.Build.0 = Debug|Any CPU
		{37C1F679-21C6-4817-9D8F-289F76091DD6}.Debug|iPhoneSimulator.Deploy.0 = Debug|Any CPU
		{37C1F679-21C6-4817-9D8F-289F76091DD6}.Release|Any CPU.ActiveCfg = Release|Any CPU
		{37C1F679-21C6-4817-9D8F-289F76091DD6}.Release|Any CPU.Build.0 = Release|Any CPU
		{37C1F679-21C6-4817-9D8F-289F76091DD6}.Release|Any CPU.Deploy.0 = Release|Any CPU
		{37C1F679-21C6-4817-9D8F-289F76091DD6}.Release|iPhone.ActiveCfg = Release|Any CPU
		{37C1F679-21C6-4817-9D8F-289F76091DD6}.Release|iPhone.Build.0 = Release|Any CPU
		{37C1F679-21C6-4817-9D8F-289F76091DD6}.Release|iPhone.Deploy.0 = Release|Any CPU
		{37C1F679-21C6-4817-9D8F-289F76091DD6}.Release|iPhoneSimulator.ActiveCfg = Release|Any CPU
		{37C1F679-21C6-4817-9D8F-289F76091DD6}.Release|iPhoneSimulator.Build.0 = Release|Any CPU
		{37C1F679-21C6-4817-9D8F-289F76091DD6}.Release|iPhoneSimulator.Deploy.0 = Release|Any CPU
	EndGlobalSection
	GlobalSection(SolutionProperties) = preSolution
		HideSolutionNode = FALSE
	EndGlobalSection
	GlobalSection(ExtensibilityGlobals) = postSolution
		SolutionGuid = {BB25767D-1BDB-4B07-88B2-0ABC27B9B11B}
	EndGlobalSection
EndGlobal
